
Microsoft Visual Studio Solution File, Format Version 12.00
# Visual Studio Version 17
VisualStudioVersion = 17.3.32929.385
MinimumVisualStudioVersion = 10.0.40219.1
Project("{FAE04EC0-301F-11D3-BF4B-00C04F79EFBC}") = "GateWay", "GateWay\GateWay.csproj", "{7007242E-2066-4B02-BEDD-2E989FE92D56}"
EndProject
Global
	GlobalSection(SolutionConfigurationPlatforms) = preSolution
		Debug|Any CPU = Debug|Any CPU
		Release|Any CPU = Release|Any CPU
	EndGlobalSection
	GlobalSection(ProjectConfigurationPlatforms) = postSolution
		{7007242E-2066-4B02-BEDD-2E989FE92D56}.Debug|Any CPU.ActiveCfg = Debug|Any CPU
		{7007242E-2066-4B02-BEDD-2E989FE92D56}.Debug|Any CPU.Build.0 = Debug|Any CPU
		{7007242E-2066-4B02-BEDD-2E989FE92D56}.Release|Any CPU.ActiveCfg = Release|Any CPU
		{7007242E-2066-4B02-BEDD-2E989FE92D56}.Release|Any CPU.Build.0 = Release|Any CPU
	EndGlobalSection
	GlobalSection(SolutionProperties) = preSolution
		HideSolutionNode = FALSE
	EndGlobalSection
	GlobalSection(ExtensibilityGlobals) = postSolution
		SolutionGuid = {F06DD68E-B10A-41CC-A04E-D80EAE6F7CE5}
	EndGlobalSection
EndGlobal
